schema: '2.0'
stages:
  ingest:
    cmd: C:\Users\HP\anaconda3\envs\churn-mlops\python.exe src/data/ingest.py
    deps:
    - path: src/data/ingest.py
      hash: md5
      md5: c7fc91393b27abd9dd8f9294e589ea5e
      size: 1142
    outs:
    - path: data/raw/churn.csv
      hash: md5
      md5: 7f07de26b054de4c36eed95a1277fe21
      size: 978285
  preprocess:
    cmd: C:\Users\HP\anaconda3\envs\churn-mlops\python.exe
      src/data/preprocess.py
    deps:
    - path: data/raw/churn.csv
      hash: md5
      md5: 7f07de26b054de4c36eed95a1277fe21
      size: 978285
    - path: params.yaml
      hash: md5
      md5: b2be62e134c1f28c4238d2b08df31c25
      size: 2049
    - path: src/data/preprocess.py
      hash: md5
      md5: 2741f0bc499769fa3258921ddd908577
      size: 5462
    params:
      params.yaml:
        data:
          raw_path: data/raw/churn.csv
          train_path: data/processed/train.csv
          val_path: data/processed/val.csv
          test_path: data/processed/test.csv
          target_column: Churn
          test_size: 0.2
          val_size: 0.1
          random_state: 42
          drop_columns:
          - customerID
        features:
          categorical_columns:
          - gender
          - Partner
          - Dependents
          - PhoneService
          - MultipleLines
          - InternetService
          - OnlineSecurity
          - OnlineBackup
          - DeviceProtection
          - TechSupport
          - StreamingTV
          - StreamingMovies
          - Contract
          - PaperlessBilling
          - PaymentMethod
          numeric_columns:
          - SeniorCitizen
          - tenure
          - MonthlyCharges
          - TotalCharges
    outs:
    - path: data/processed/test.csv
      hash: md5
      md5: 5d743d23c772b205e4a91574fe3aca1e
      size: 157297
    - path: data/processed/train.csv
      hash: md5
      md5: cb4a920dc237d5a04f5cdc924d14991b
      size: 549397
    - path: data/processed/val.csv
      hash: md5
      md5: 406efc2060965811307f07819f004bea
      size: 78800
  train:
    cmd: C:\Users\HP\anaconda3\envs\churn-mlops\python.exe src/models/train.py
    deps:
    - path: data/processed/train.csv
      hash: md5
      md5: cb4a920dc237d5a04f5cdc924d14991b
      size: 549397
    - path: data/processed/val.csv
      hash: md5
      md5: 406efc2060965811307f07819f004bea
      size: 78800
    - path: params.yaml
      hash: md5
      md5: b2be62e134c1f28c4238d2b08df31c25
      size: 2049
    - path: src/models/train.py
      hash: md5
      md5: 1d97ac3a37d278f63d69dafbb1461492
      size: 3256
    params:
      params.yaml:
        model:
          type: xgboost
          n_estimators: 100
          max_depth: 6
          learning_rate: 0.1
          subsample: 0.8
          colsample_bytree: 0.8
          scale_pos_weight: 3
          random_state: 42
          eval_metric: auc
        training:
          experiment_name: customer-churn
          run_name: baseline-xgboost
          cv_folds: 5
          early_stopping_rounds: 20
          model_output_path: models/model.pkl
          metrics_output_path: metrics/metrics.json
    outs:
    - path: models/model.pkl
      hash: md5
      md5: f90f8d70746bef756e46bcf556f710cb
      size: 222908
  evaluate:
    cmd: C:\Users\HP\anaconda3\envs\churn-mlops\python.exe
      src/models/evaluate.py
    deps:
    - path: data/processed/test.csv
      hash: md5
      md5: 5d743d23c772b205e4a91574fe3aca1e
      size: 157297
    - path: models/model.pkl
      hash: md5
      md5: f90f8d70746bef756e46bcf556f710cb
      size: 222908
    - path: src/models/evaluate.py
      hash: md5
      md5: 195cff89bb12e8a6cfc5562dc1735202
      size: 1824
    outs:
    - path: metrics/metrics.json
      hash: md5
      md5: a1dac370a948ec5157518fb31c56c85f
      size: 128
