schema: '2.0'
stages:
  ingest:
    cmd: C:\Users\HP\anaconda3\envs\churn-mlops\python.exe src/data/ingest.py
    deps:
    - path: src/data/ingest.py
      hash: md5
      md5: c7fc91393b27abd9dd8f9294e589ea5e
      size: 1142
    outs:
    - path: data/raw/churn.csv
      hash: md5
      md5: 7f07de26b054de4c36eed95a1277fe21
      size: 978285
  preprocess:
    cmd: C:\Users\HP\anaconda3\envs\churn-mlops\python.exe
      src/data/preprocess.py
    deps:
    - path: data/raw/churn.csv
      hash: md5
      md5: 7f07de26b054de4c36eed95a1277fe21
      size: 978285
    - path: params.yaml
      hash: md5
      md5: 15bd4a4c6a625e522d8116e4a0e4b603
      size: 2031
    - path: src/data/preprocess.py
      hash: md5
      md5: fc0521eacc9b08b98727de5fd1b0bece
      size: 3219
    params:
      params.yaml:
        data:
          raw_path: data/raw/churn.csv
          train_path: data/processed/train.csv
          val_path: data/processed/val.csv
          test_path: data/processed/test.csv
          target_column: Churn
          test_size: 0.2
          val_size: 0.1
          random_state: 42
          drop_columns:
          - customerID
        features:
          categorical_columns:
          - gender
          - Partner
          - Dependents
          - PhoneService
          - MultipleLines
          - InternetService
          - OnlineSecurity
          - OnlineBackup
          - DeviceProtection
          - TechSupport
          - StreamingTV
          - StreamingMovies
          - Contract
          - PaperlessBilling
          - PaymentMethod
          numeric_columns:
          - tenure
          - MonthlyCharges
          - TotalCharges
    outs:
    - path: data/processed/test.csv
      hash: md5
      md5: f78ced26d137a0bbc007e91c1fb10644
      size: 132126
    - path: data/processed/train.csv
      hash: md5
      md5: 172a6b6f7edf119bd86112918078c2e1
      size: 461606
    - path: data/processed/val.csv
      hash: md5
      md5: f88632e8f7c5efd75050020cc8586e1d
      size: 66249
  train:
    cmd: C:\Users\HP\anaconda3\envs\churn-mlops\python.exe src/models/train.py
    deps:
    - path: data/processed/train.csv
      hash: md5
      md5: 172a6b6f7edf119bd86112918078c2e1
      size: 461606
    - path: data/processed/val.csv
      hash: md5
      md5: f88632e8f7c5efd75050020cc8586e1d
      size: 66249
    - path: params.yaml
      hash: md5
      md5: 15bd4a4c6a625e522d8116e4a0e4b603
      size: 2031
    - path: src/models/train.py
      hash: md5
      md5: 96e31eaf22c9434899a1443582b57db8
      size: 3255
    params:
      params.yaml:
        model:
          type: xgboost
          n_estimators: 100
          max_depth: 6
          learning_rate: 0.1
          subsample: 0.8
          colsample_bytree: 0.8
          scale_pos_weight: 3
          random_state: 42
          eval_metric: auc
        training:
          experiment_name: customer-churn
          run_name: baseline-xgboost
          cv_folds: 5
          early_stopping_rounds: 20
          model_output_path: models/model.pkl
          metrics_output_path: metrics/metrics.json
    outs:
    - path: models/model.pkl
      hash: md5
      md5: c9e847eb8ab06b894b30ca9d34ecfa83
      size: 222906
  evaluate:
    cmd: C:\Users\HP\anaconda3\envs\churn-mlops\python.exe
      src/models/evaluate.py
    deps:
    - path: data/processed/test.csv
      hash: md5
      md5: f78ced26d137a0bbc007e91c1fb10644
      size: 132126
    - path: models/model.pkl
      hash: md5
      md5: c9e847eb8ab06b894b30ca9d34ecfa83
      size: 222906
    - path: src/models/evaluate.py
      hash: md5
      md5: 195cff89bb12e8a6cfc5562dc1735202
      size: 1824
    outs:
    - path: metrics/metrics.json
      hash: md5
      md5: a1dac370a948ec5157518fb31c56c85f
      size: 128
